
Microsoft Visual Studio Solution File, Format Version 12.00
# Visual Studio Version 16
VisualStudioVersion = 16.0.31005.135
MinimumVisualStudioVersion = 10.0.40219.1
Project("{9A19103F-16F7-4668-BE54-9A1E7A4F7556}") = "Risa.API", "Risa.API\Risa.API.csproj", "{5D829472-A19C-4612-BF69-5A30F3210D86}"
EndProject
Project("{9A19103F-16F7-4668-BE54-9A1E7A4F7556}") = "Risa.ConsoleUI", "Risa.ConsoleUI\Risa.ConsoleUI.csproj", "{0EBFFBEC-6E7A-4365-AE18-66519C5C1E6B}"
EndProject
Project("{FAE04EC0-301F-11D3-BF4B-00C04F79EFBC}") = "Risa.SDK", "Risa.SDK\Risa.SDK.csproj", "{08674136-2213-4E2E-B832-E4945D2A4CAD}"
EndProject
Global
	GlobalSection(SolutionConfigurationPlatforms) = preSolution
		Debug|Any CPU = Debug|Any CPU
		Release|Any CPU = Release|Any CPU
	EndGlobalSection
	GlobalSection(ProjectConfigurationPlatforms) = postSolution
		{5D829472-A19C-4612-BF69-5A30F3210D86}.Debug|Any CPU.ActiveCfg = Debug|Any CPU
		{5D829472-A19C-4612-BF69-5A30F3210D86}.Debug|Any CPU.Build.0 = Debug|Any CPU
		{5D829472-A19C-4612-BF69-5A30F3210D86}.Release|Any CPU.ActiveCfg = Release|Any CPU
		{5D829472-A19C-4612-BF69-5A30F3210D86}.Release|Any CPU.Build.0 = Release|Any CPU
		{0EBFFBEC-6E7A-4365-AE18-66519C5C1E6B}.Debug|Any CPU.ActiveCfg = Debug|Any CPU
		{0EBFFBEC-6E7A-4365-AE18-66519C5C1E6B}.Debug|Any CPU.Build.0 = Debug|Any CPU
		{0EBFFBEC-6E7A-4365-AE18-66519C5C1E6B}.Release|Any CPU.ActiveCfg = Release|Any CPU
		{0EBFFBEC-6E7A-4365-AE18-66519C5C1E6B}.Release|Any CPU.Build.0 = Release|Any CPU
		{08674136-2213-4E2E-B832-E4945D2A4CAD}.Debug|Any CPU.ActiveCfg = Debug|Any CPU
		{08674136-2213-4E2E-B832-E4945D2A4CAD}.Debug|Any CPU.Build.0 = Debug|Any CPU
		{08674136-2213-4E2E-B832-E4945D2A4CAD}.Release|Any CPU.ActiveCfg = Release|Any CPU
		{08674136-2213-4E2E-B832-E4945D2A4CAD}.Release|Any CPU.Build.0 = Release|Any CPU
	EndGlobalSection
	GlobalSection(SolutionProperties) = preSolution
		HideSolutionNode = FALSE
	EndGlobalSection
	GlobalSection(ExtensibilityGlobals) = postSolution
		SolutionGuid = {9A73E588-DD24-4B72-ADEC-555C61505B8D}
	EndGlobalSection
EndGlobal
